// !$*UTF8*$!
{
	archiveVersion = 1;
	classes = {
	};
	objectVersion = 50;
	objects = {

/* Begin PBXBuildFile section */
		9BB037FF209904DD00E7AC52 /* AppDelegate.swift in Sources */ = {isa = PBXBuildFile; fileRef = 9BB037FE209904DD00E7AC52 /* AppDelegate.swift */; };
		9BB03801209904DD00E7AC52 /* FirstViewController.swift in Sources */ = {isa = PBXBuildFile; fileRef = 9BB03800209904DD00E7AC52 /* FirstViewController.swift */; };
		9BB03803209904DD00E7AC52 /* SettingsVC.swift in Sources */ = {isa = PBXBuildFile; fileRef = 9BB03802209904DD00E7AC52 /* SettingsVC.swift */; };
		9BB03806209904DD00E7AC52 /* Main.storyboard in Resources */ = {isa = PBXBuildFile; fileRef = 9BB03804209904DD00E7AC52 /* Main.storyboard */; };
		9BB03808209904DE00E7AC52 /* Assets.xcassets in Resources */ = {isa = PBXBuildFile; fileRef = 9BB03807209904DE00E7AC52 /* Assets.xcassets */; };
		9BB0380B209904DE00E7AC52 /* LaunchScreen.storyboard in Resources */ = {isa = PBXBuildFile; fileRef = 9BB03809209904DE00E7AC52 /* LaunchScreen.storyboard */; };
		9BB03813209906B200E7AC52 /* Constants.swift in Sources */ = {isa = PBXBuildFile; fileRef = 9BB03812209906B200E7AC52 /* Constants.swift */; };
		9BB038152099161600E7AC52 /* GoogleService-Info.plist in Resources */ = {isa = PBXBuildFile; fileRef = 9BB038142099161500E7AC52 /* GoogleService-Info.plist */; };
/* End PBXBuildFile section */

/* Begin PBXFileReference section */
		9BB037FB209904DD00E7AC52 /* Cupboard Culprit.app */ = {isa = PBXFileReference; explicitFileType = wrapper.application; includeInIndex = 0; path = "Cupboard Culprit.app"; sourceTree = BUILT_PRODUCTS_DIR; };
		9BB037FE209904DD00E7AC52 /* AppDelegate.swift */ = {isa = PBXFileReference; lastKnownFileType = sourcecode.swift; path = AppDelegate.swift; sourceTree = "<group>"; };
		9BB03800209904DD00E7AC52 /* FirstViewController.swift */ = {isa = PBXFileReference; lastKnownFileType = sourcecode.swift; path = FirstViewController.swift; sourceTree = "<group>"; };
		9BB03802209904DD00E7AC52 /* SettingsVC.swift */ = {isa = PBXFileReference; lastKnownFileType = sourcecode.swift; path = SettingsVC.swift; sourceTree = "<group>"; };
		9BB03805209904DD00E7AC52 /* Base */ = {isa = PBXFileReference; lastKnownFileType = file.storyboard; name = Base; path = Base.lproj/Main.storyboard; sourceTree = "<group>"; };
		9BB03807209904DE00E7AC52 /* Assets.xcassets */ = {isa = PBXFileReference; lastKnownFileType = folder.assetcatalog; path = Assets.xcassets; sourceTree = "<group>"; };
		9BB0380A209904DE00E7AC52 /* Base */ = {isa = PBXFileReference; lastKnownFileType = file.storyboard; name = Base; path = Base.lproj/LaunchScreen.storyboard; sourceTree = "<group>"; };
		9BB0380C209904DE00E7AC52 /* Info.plist */ = {isa = PBXFileReference; lastKnownFileType = text.plist.xml; path = Info.plist; sourceTree = "<group>"; };
		9BB03812209906B200E7AC52 /* Constants.swift */ = {isa = PBXFileReference; lastKnownFileType = sourcecode.swift; path = Constants.swift; sourceTree = "<group>"; };
		9BB038142099161500E7AC52 /* GoogleService-Info.plist */ = {isa = PBXFileReference; fileEncoding = 4; lastKnownFileType = text.plist.xml; path = "GoogleService-Info.plist"; sourceTree = "<group>"; };
/* End PBXFileReference section */

/* Begin PBXFrameworksBuildPhase section */
		9BB037F8209904DD00E7AC52 /* Frameworks */ = {
			isa = PBXFrameworksBuildPhase;
			buildActionMask = 2147483647;
			files = (
			);
			runOnlyForDeploymentPostprocessing = 0;
		};
/* End PBXFrameworksBuildPhase section */

/* Begin PBXGroup section */
		9BB037F2209904DD00E7AC52 = {
			isa = PBXGroup;
			children = (
				9BB037FD209904DD00E7AC52 /* Cupboard Culprit */,
				9BB037FC209904DD00E7AC52 /* Products */,
			);
			sourceTree = "<group>";
		};
		9BB037FC209904DD00E7AC52 /* Products */ = {
			isa = PBXGroup;
			children = (
				9BB037FB209904DD00E7AC52 /* Cupboard Culprit.app */,
			);
			name = Products;
			sourceTree = "<group>";
		};
		9BB037FD209904DD00E7AC52 /* Cupboard Culprit */ = {
			isa = PBXGroup;
			children = (
				9BB037FE209904DD00E7AC52 /* AppDelegate.swift */,
				9BB03800209904DD00E7AC52 /* FirstViewController.swift */,
				9BB03802209904DD00E7AC52 /* SettingsVC.swift */,
				9BB03804209904DD00E7AC52 /* Main.storyboard */,
				9BB03807209904DE00E7AC52 /* Assets.xcassets */,
				9BB03809209904DE00E7AC52 /* LaunchScreen.storyboard */,
				9BB0380C209904DE00E7AC52 /* Info.plist */,
				9BB03812209906B200E7AC52 /* Constants.swift */,
				9BB038142099161500E7AC52 /* GoogleService-Info.plist */,
			);
			path = "Cupboard Culprit";
			sourceTree = "<group>";
		};
/* End PBXGroup section */

/* Begin PBXNativeTarget section */
		9BB037FA209904DD00E7AC52 /* Cupboard Culprit */ = {
			isa = PBXNativeTarget;
			buildConfigurationList = 9BB0380F209904DE00E7AC52 /* Build configuration list for PBXNativeTarget "Cupboard Culprit" */;
			buildPhases = (
				9BB037F7209904DD00E7AC52 /* Sources */,
				9BB037F8209904DD00E7AC52 /* Frameworks */,
				9BB037F9209904DD00E7AC52 /* Resources */,
			);
			buildRules = (
			);
			dependencies = (
			);
			name = "Cupboard Culprit";
			productName = "Cupboard Culprit";
			productReference = 9BB037FB209904DD00E7AC52 /* Cupboard Culprit.app */;
			productType = "com.apple.product-type.application";
		};
/* End PBXNativeTarget section */

/* Begin PBXProject section */
		9BB037F3209904DD00E7AC52 /* Project object */ = {
			isa = PBXProject;
			attributes = {
				LastSwiftUpdateCheck = 0930;
				LastUpgradeCheck = 0930;
				ORGANIZATIONNAME = RichApps;
				TargetAttributes = {
					9BB037FA209904DD00E7AC52 = {
						CreatedOnToolsVersion = 9.3;
					};
				};
			};
			buildConfigurationList = 9BB037F6209904DD00E7AC52 /* Build configuration list for PBXProject "Cupboard Culprit" */;
			compatibilityVersion = "Xcode 9.3";
			developmentRegion = en;
			hasScannedForEncodings = 0;
			knownRegions = (
				en,
				Base,
			);
			mainGroup = 9BB037F2209904DD00E7AC52;
			productRefGroup = 9BB037FC209904DD00E7AC52 /* Products */;
			projectDirPath = "";
			projectRoot = "";
			targets = (
				9BB037FA209904DD00E7AC52 /* Cupboard Culprit */,
			);
		};
/* End PBXProject section */

/* Begin PBXResourcesBuildPhase section */
		9BB037F9209904DD00E7AC52 /* Resources */ = {
			isa = PBXResourcesBuildPhase;
			buildActionMask = 2147483647;
			files = (
				9BB0380B209904DE00E7AC52 /* LaunchScreen.storyboard in Resources */,
				9BB038152099161600E7AC52 /* GoogleService-Info.plist in Resources */,
				9BB03808209904DE00E7AC52 /* Assets.xcassets in Resources */,
				9BB03806209904DD00E7AC52 /* Main.storyboard in Resources */,
			);
			runOnlyForDeploymentPostprocessing = 0;
		};
/* End PBXResourcesBuildPhase section */

/* Begin PBXSourcesBuildPhase section */
		9BB037F7209904DD00E7AC52 /* Sources */ = {
			isa = PBXSourcesBuildPhase;
			buildActionMask = 2147483647;
			files = (
				9BB03803209904DD00E7AC52 /* SettingsVC.swift in Sources */,
				9BB037FF209904DD00E7AC52 /* AppDelegate.swift in Sources */,
				9BB03801209904DD00E7AC52 /* FirstViewController.swift in Sources */,
				9BB03813209906B200E7AC52 /* Constants.swift in Sources */,
			);
			runOnlyForDeploymentPostprocessing = 0;
		};
/* End PBXSourcesBuildPhase section */

/* Begin PBXVariantGroup section */
		9BB03804209904DD00E7AC52 /* Main.storyboard */ = {
			isa = PBXVariantGroup;
			children = (
				9BB03805209904DD00E7AC52 /* Base */,
			);
			name = Main.storyboard;
			sourceTree = "<group>";
		};
		9BB03809209904DE00E7AC52 /* LaunchScreen.storyboard */ = {
			isa = PBXVariantGroup;
			children = (
				9BB0380A209904DE00E7AC52 /* Base */,
			);
			name = LaunchScreen.storyboard;
			sourceTree = "<group>";
		};
/* End PBXVariantGroup section */

/* Begin XCBuildConfiguration section */
		9BB0380D209904DE00E7AC52 /* Debug */ = {
			isa = XCBuildConfiguration;
			buildSettings = {
				ALWAYS_SEARCH_USER_PATHS = NO;
				CLANG_ANALYZER_NONNULL = YES;
				CLANG_ANALYZER_NUMBER_OBJECT_CONVERSION = YES_AGGRESSIVE;
				CLANG_CXX_LANGUAGE_STANDARD = "gnu++14";
				CLANG_CXX_LIBRARY = "libc++";
				CLANG_ENABLE_MODULES = YES;
				CLANG_ENABLE_OBJC_ARC = YES;
				CLANG_ENABLE_OBJC_WEAK = YES;
				CLANG_WARN_BLOCK_CAPTURE_AUTORELEASING = YES;
				CLANG_WARN_BOOL_CONVERSION = YES;
				CLANG_WARN_COMMA = YES;
				CLANG_WARN_CONSTANT_CONVERSION = YES;
				CLANG_WARN_DEPRECATED_OBJC_IMPLEMENTATIONS = YES;
				CLANG_WARN_DIRECT_OBJC_ISA_USAGE = YES_ERROR;
				CLANG_WARN_DOCUMENTATION_COMMENTS = YES;
				CLANG_WARN_EMPTY_BODY = YES;
				CLANG_WARN_ENUM_CONVERSION = YES;
				CLANG_WARN_INFINITE_RECURSION = YES;
				CLANG_WARN_INT_CONVERSION = YES;
				CLANG_WARN_NON_LITERAL_NULL_CONVERSION = YES;
				CLANG_WARN_OBJC_IMPLICIT_RETAIN_SELF = YES;
				CLANG_WARN_OBJC_LITERAL_CONVERSION = YES;
				CLANG_WARN_OBJC_ROOT_CLASS = YES_ERROR;
				CLANG_WARN_RANGE_LOOP_ANALYSIS = YES;
				CLANG_WARN_STRICT_PROTOTYPES = YES;
				CLANG_WARN_SUSPICIOUS_MOVE = YES;
				CLANG_WARN_UNGUARDED_AVAILABILITY = YES_AGGRESSIVE;
				CLANG_WARN_UNREACHABLE_CODE = YES;
				CLANG_WARN__DUPLICATE_METHOD_MATCH = YES;
				CODE_SIGN_IDENTITY = "iPhone Developer";
				COPY_PHASE_STRIP = NO;
				DEBUG_INFORMATION_FORMAT = dwarf;
				ENABLE_STRICT_OBJC_MSGSEND = YES;
				ENABLE_TESTABILITY = YES;
				GCC_C_LANGUAGE_STANDARD = gnu11;
				GCC_DYNAMIC_NO_PIC = NO;
				GCC_NO_COMMON_BLOCKS = YES;
				GCC_OPTIMIZATION_LEVEL = 0;
				GCC_PREPROCESSOR_DEFINITIONS = (
					"DEBUG=1",
					"$(inherited)",
				);
				GCC_WARN_64_TO_32_BIT_CONVERSION = YES;
				GCC_WARN_ABOUT_RETURN_TYPE = YES_ERROR;
				GCC_WARN_UNDECLARED_SELECTOR = YES;
				GCC_WARN_UNINITIALIZED_AUTOS = YES_AGGRESSIVE;
				GCC_WARN_UNUSED_FUNCTION = YES;
				GCC_WARN_UNUSED_VARIABLE = YES;
				IPHONEOS_DEPLOYMENT_TARGET = 11.3;
				MTL_ENABLE_DEBUG_INFO = YES;
				ONLY_ACTIVE_ARCH = YES;
				SDKROOT = iphoneos;
				SWIFT_ACTIVE_COMPILATION_CONDITIONS = DEBUG;
				SWIFT_OPTIMIZATION_LEVEL = "-Onone";
			};
			name = Debug;
		};
		9BB0380E209904DE00E7AC52 /* Release */ = {
			isa = XCBuildConfiguration;
			buildSettings = {
				ALWAYS_SEARCH_USER_PATHS = NO;
				CLANG_ANALYZER_NONNULL = YES;
				CLANG_ANALYZER_NUMBER_OBJECT_CONVERSION = YES_AGGRESSIVE;
				CLANG_CXX_LANGUAGE_STANDARD = "gnu++14";
				CLANG_CXX_LIBRARY = "libc++";
				CLANG_ENABLE_MODULES = YES;
				CLANG_ENABLE_OBJC_ARC = YES;
				CLANG_ENABLE_OBJC_WEAK = YES;
				CLANG_WARN_BLOCK_CAPTURE_AUTORELEASING = YES;
				CLANG_WARN_BOOL_CONVERSION = YES;
				CLANG_WARN_COMMA = YES;
				CLANG_WARN_CONSTANT_CONVERSION = YES;
				CLANG_WARN_DEPRECATED_OBJC_IMPLEMENTATIONS = YES;
				CLANG_WARN_DIRECT_OBJC_ISA_USAGE = YES_ERROR;
				CLANG_WARN_DOCUMENTATION_COMMENTS = YES;
				CLANG_WARN_EMPTY_BODY = YES;
				CLANG_WARN_ENUM_CONVERSION = YES;
				CLANG_WARN_INFINITE_RECURSION = YES;
				CLANG_WARN_INT_CONVERSION = YES;
				CLANG_WARN_NON_LITERAL_NULL_CONVERSION = YES;
				CLANG_WARN_OBJC_IMPLICIT_RETAIN_SELF = YES;
				CLANG_WARN_OBJC_LITERAL_CONVERSION = YES;
				CLANG_WARN_OBJC_ROOT_CLASS = YES_ERROR;
				CLANG_WARN_RANGE_LOOP_ANALYSIS = YES;
				CLANG_WARN_STRICT_PROTOTYPES = YES;
				CLANG_WARN_SUSPICIOUS_MOVE = YES;
				CLANG_WARN_UNGUARDED_AVAILABILITY = YES_AGGRESSIVE;
				CLANG_WARN_UNREACHABLE_CODE = YES;
				CLANG_WARN__DUPLICATE_METHOD_MATCH = YES;
				CODE_SIGN_IDENTITY = "iPhone Developer";
				COPY_PHASE_STRIP = NO;
				DEBUG_INFORMATION_FORMAT = "dwarf-with-dsym";
				ENABLE_NS_ASSERTIONS = NO;
				ENABLE_STRICT_OBJC_MSGSEND = YES;
				GCC_C_LANGUAGE_STANDARD = gnu11;
				GCC_NO_COMMON_BLOCKS = YES;
				GCC_WARN_64_TO_32_BIT_CONVERSION = YES;
				GCC_WARN_ABOUT_RETURN_TYPE = YES_ERROR;
				GCC_WARN_UNDECLARED_SELECTOR = YES;
				GCC_WARN_UNINITIALIZED_AUTOS = YES_AGGRESSIVE;
				GCC_WARN_UNUSED_FUNCTION = YES;
				GCC_WARN_UNUSED_VARIABLE = YES;
				IPHONEOS_DEPLOYMENT_TARGET = 11.3;
				MTL_ENABLE_DEBUG_INFO = NO;
				SDKROOT = iphoneos;
				SWIFT_COMPILATION_MODE = wholemodule;
				SWIFT_OPTIMIZATION_LEVEL = "-O";
				VALIDATE_PRODUCT = YES;
			};
			name = Release;
		};
		9BB03810209904DE00E7AC52 /* Debug */ = {
			isa = XCBuildConfiguration;
			buildSettings = {
				ASSETCATALOG_COMPILER_APPICON_NAME = AppIcon;
				CODE_SIGN_STYLE = Automatic;
				DEVELOPMENT_TEAM = 747FHAXMVE;
				INFOPLIST_FILE = "Cupboard Culprit/Info.plist";
				LD_RUNPATH_SEARCH_PATHS = (
					"$(inherited)",
					"@executable_path/Frameworks",
				);
				PRODUCT_BUNDLE_IDENTIFIER = "com.richapps.Cupboard-Culprit";
				PRODUCT_NAME = "$(TARGET_NAME)";
				SWIFT_VERSION = 4.0;
				TARGETED_DEVICE_FAMILY = "1,2";
			};
			name = Debug;
		};
		9BB03811209904DE00E7AC52 /* Release */ = {
			isa = XCBuildConfiguration;
			buildSettings = {
				ASSETCATALOG_COMPILER_APPICON_NAME = AppIcon;
				CODE_SIGN_STYLE = Automatic;
				DEVELOPMENT_TEAM = 747FHAXMVE;
				INFOPLIST_FILE = "Cupboard Culprit/Info.plist";
				LD_RUNPATH_SEARCH_PATHS = (
					"$(inherited)",
					"@executable_path/Frameworks",
				);
				PRODUCT_BUNDLE_IDENTIFIER = "com.richapps.Cupboard-Culprit";
				PRODUCT_NAME = "$(TARGET_NAME)";
				SWIFT_VERSION = 4.0;
				TARGETED_DEVICE_FAMILY = "1,2";
			};
			name = Release;
		};
/* End XCBuildConfiguration section */

/* Begin XCConfigurationList section */
		9BB037F6209904DD00E7AC52 /* Build configuration list for PBXProject "Cupboard Culprit" */ = {
			isa = XCConfigurationList;
			buildConfigurations = (
				9BB0380D209904DE00E7AC52 /* Debug */,
				9BB0380E209904DE00E7AC52 /* Release */,
			);
			defaultConfigurationIsVisible = 0;
			defaultConfigurationName = Release;
		};
		9BB0380F209904DE00E7AC52 /* Build configuration list for PBXNativeTarget "Cupboard Culprit" */ = {
			isa = XCConfigurationList;
			buildConfigurations = (
				9BB03810209904DE00E7AC52 /* Debug */,
				9BB03811209904DE00E7AC52 /* Release */,
			);
			defaultConfigurationIsVisible = 0;
			defaultConfigurationName = Release;
		};
/* End XCConfigurationList section */
	};
	rootObject = 9BB037F3209904DD00E7AC52 /* Project object */;
}
